
Microsoft Visual Studio Solution File, Format Version 12.00
# Visual Studio 15
VisualStudioVersion = 15.0.28307.168
MinimumVisualStudioVersion = 10.0.40219.1
Project("{FAE04EC0-301F-11D3-BF4B-00C04F79EFBC}") = "TestingZebraEMDK.Android", "TestingZebraEMDK\TestingZebraEMDK.Android\TestingZebraEMDK.Android.csproj", "{9CE130C2-FC2C-423E-B2F7-77DCAB17CDAA}"
EndProject
Project("{FAE04EC0-301F-11D3-BF4B-00C04F79EFBC}") = "TestingZebraEMDK", "TestingZebraEMDK\TestingZebraEMDK\TestingZebraEMDK.csproj", "{0241BBC4-8DBE-41FF-9260-8001D7D8B153}"
EndProject
Global
	GlobalSection(SolutionConfigurationPlatforms) = preSolution
		Debug|Any CPU = Debug|Any CPU
		Release|Any CPU = Release|Any CPU
	EndGlobalSection
	GlobalSection(ProjectConfigurationPlatforms) = postSolution
		{9CE130C2-FC2C-423E-B2F7-77DCAB17CDAA}.Debug|Any CPU.ActiveCfg = Debug|Any CPU
		{9CE130C2-FC2C-423E-B2F7-77DCAB17CDAA}.Debug|Any CPU.Build.0 = Debug|Any CPU
		{9CE130C2-FC2C-423E-B2F7-77DCAB17CDAA}.Debug|Any CPU.Deploy.0 = Debug|Any CPU
		{9CE130C2-FC2C-423E-B2F7-77DCAB17CDAA}.Release|Any CPU.ActiveCfg = Release|Any CPU
		{9CE130C2-FC2C-423E-B2F7-77DCAB17CDAA}.Release|Any CPU.Build.0 = Release|Any CPU
		{9CE130C2-FC2C-423E-B2F7-77DCAB17CDAA}.Release|Any CPU.Deploy.0 = Release|Any CPU
		{0241BBC4-8DBE-41FF-9260-8001D7D8B153}.Debug|Any CPU.ActiveCfg = Debug|Any CPU
		{0241BBC4-8DBE-41FF-9260-8001D7D8B153}.Debug|Any CPU.Build.0 = Debug|Any CPU
		{0241BBC4-8DBE-41FF-9260-8001D7D8B153}.Release|Any CPU.ActiveCfg = Release|Any CPU
		{0241BBC4-8DBE-41FF-9260-8001D7D8B153}.Release|Any CPU.Build.0 = Release|Any CPU
	EndGlobalSection
	GlobalSection(SolutionProperties) = preSolution
		HideSolutionNode = FALSE
	EndGlobalSection
	GlobalSection(ExtensibilityGlobals) = postSolution
		SolutionGuid = {AEB55752-ADB7-40EC-99CE-7F93DEE653F5}
	EndGlobalSection
EndGlobal
